
Microsoft Visual Studio Solution File, Format Version 12.00
Project("{FAE04EC0-301F-11D3-BF4B-00C04F79EFBC}") = "ld-exercise", "src\ld-exercise\ld-exercise.csproj", "{4BA17C8A-CFC6-4CBD-A955-4896770B01FB}"
EndProject
Project("{FAE04EC0-301F-11D3-BF4B-00C04F79EFBC}") = "Test", "src\Test\Test.csproj", "{E014D375-765D-4525-B9D9-03CBB3733FC1}"
EndProject
Global
	GlobalSection(SolutionConfigurationPlatforms) = preSolution
		Debug|Any CPU = Debug|Any CPU
		Release|Any CPU = Release|Any CPU
	EndGlobalSection
	GlobalSection(ProjectConfigurationPlatforms) = postSolution
		{4BA17C8A-CFC6-4CBD-A955-4896770B01FB}.Debug|Any CPU.ActiveCfg = Debug|Any CPU
		{4BA17C8A-CFC6-4CBD-A955-4896770B01FB}.Debug|Any CPU.Build.0 = Debug|Any CPU
		{4BA17C8A-CFC6-4CBD-A955-4896770B01FB}.Release|Any CPU.ActiveCfg = Release|Any CPU
		{4BA17C8A-CFC6-4CBD-A955-4896770B01FB}.Release|Any CPU.Build.0 = Release|Any CPU
		{E014D375-765D-4525-B9D9-03CBB3733FC1}.Debug|Any CPU.ActiveCfg = Debug|Any CPU
		{E014D375-765D-4525-B9D9-03CBB3733FC1}.Debug|Any CPU.Build.0 = Debug|Any CPU
		{E014D375-765D-4525-B9D9-03CBB3733FC1}.Release|Any CPU.ActiveCfg = Release|Any CPU
		{E014D375-765D-4525-B9D9-03CBB3733FC1}.Release|Any CPU.Build.0 = Release|Any CPU
	EndGlobalSection
EndGlobal
